{
  "nodes": {
    "flake-utils": {
      "locked": {
        "lastModified": 1634851050,
        "narHash": "sha256-N83GlSGPJJdcqhUxSCS/WwW5pksYf3VP1M13cDRTSVA=",
        "owner": "numtide",
        "repo": "flake-utils",
        "rev": "c91f3de5adaf1de973b797ef7485e441a65b8935",
        "type": "github"
      },
      "original": {
        "owner": "numtide",
        "repo": "flake-utils",
        "type": "github"
      }
    },
    "gitignore": {
      "inputs": {
        "nixpkgs": [
          "nixpkgs"
        ]
      },
      "locked": {
        "lastModified": 1635165013,
        "narHash": "sha256-o/BdVjNwcB6jOmzZjOH703BesSkkS5O7ej3xhyO8hAY=",
        "owner": "hercules-ci",
        "repo": "gitignore.nix",
        "rev": "5b9e0ff9d3b551234b4f3eb3983744fa354b17f1",
        "type": "github"
      },
      "original": {
        "owner": "hercules-ci",
        "repo": "gitignore.nix",
        "type": "github"
      }
    },
    "haskell-overlay": {
      "locked": {
        "lastModified": 1636531616,
        "narHash": "sha256-o+kLtkiE/qaSZKEMjw17bTM+aN1B0BZx+r85D3wF6TU=",
        "owner": "evanrelf",
        "repo": "haskell-overlay",
        "rev": "4f2357a247b76865a55393cab7640fcec4dff75e",
        "type": "github"
      },
      "original": {
        "owner": "evanrelf",
        "repo": "haskell-overlay",
        "type": "github"
      }
    },
    "nixpkgs": {
      "locked": {
        "lastModified": 1636529060,
        "narHash": "sha256-88LmO71DNR8Z242Le31GvM2eiF9jY0Ryy210W0r7XLs=",
        "owner": "NixOS",
        "repo": "nixpkgs",
        "rev": "35acd3ed181ee1622da68ec26e0b516d7e585837",
        "type": "github"
      },
      "original": {
        "id": "nixpkgs",
        "type": "indirect"
      }
    },
    "root": {
      "inputs": {
        "flake-utils": "flake-utils",
        "gitignore": "gitignore",
        "haskell-overlay": "haskell-overlay",
        "nixpkgs": "nixpkgs"
      }
    }
  },
  "root": "root",
  "version": 7
}
